<Project xmlns="http://schemas.microsoft.com/developer/msbuild/2003">
    <PropertyGroup>
        <ProjectGuid>{18FFAEE5-6EE2-44B7-9A1E-E6033B20E382}</ProjectGuid>
        <ProjectVersion>20.3</ProjectVersion>
        <FrameworkType>VCL</FrameworkType>
        <MainSource>FrontMSS.dpr</MainSource>
        <Base>True</Base>
        <Config Condition="'$(Config)'==''">Debug</Config>
        <Platform Condition="'$(Platform)'==''">Win64</Platform>
        <TargetedPlatforms>3</TargetedPlatforms>
        <AppType>Application</AppType>
        <ProjectName Condition="'$(ProjectName)'==''">FrontMSS</ProjectName>
    </PropertyGroup>
    <PropertyGroup Condition="'$(Config)'=='Base' or '$(Base)'!=''">
        <Base>true</Base>
    </PropertyGroup>
    <PropertyGroup Condition="('$(Platform)'=='Win32' and '$(Base)'=='true') or '$(Base_Win32)'!=''">
        <Base_Win32>true</Base_Win32>
        <CfgParent>Base</CfgParent>
        <Base>true</Base>
    </PropertyGroup>
    <PropertyGroup Condition="('$(Platform)'=='Win64' and '$(Base)'=='true') or '$(Base_Win64)'!=''">
        <Base_Win64>true</Base_Win64>
        <CfgParent>Base</CfgParent>
        <Base>true</Base>
    </PropertyGroup>
    <PropertyGroup Condition="'$(Config)'=='Debug' or '$(Cfg_1)'!=''">
        <Cfg_1>true</Cfg_1>
        <CfgParent>Base</CfgParent>
        <Base>true</Base>
    </PropertyGroup>
    <PropertyGroup Condition="('$(Platform)'=='Win32' and '$(Cfg_1)'=='true') or '$(Cfg_1_Win32)'!=''">
        <Cfg_1_Win32>true</Cfg_1_Win32>
        <CfgParent>Cfg_1</CfgParent>
        <Cfg_1>true</Cfg_1>
        <Base>true</Base>
    </PropertyGroup>
    <PropertyGroup Condition="('$(Platform)'=='Win64' and '$(Cfg_1)'=='true') or '$(Cfg_1_Win64)'!=''">
        <Cfg_1_Win64>true</Cfg_1_Win64>
        <CfgParent>Cfg_1</CfgParent>
        <Cfg_1>true</Cfg_1>
        <Base>true</Base>
    </PropertyGroup>
    <PropertyGroup Condition="'$(Config)'=='Release' or '$(Cfg_2)'!=''">
        <Cfg_2>true</Cfg_2>
        <CfgParent>Base</CfgParent>
        <Base>true</Base>
    </PropertyGroup>
    <PropertyGroup Condition="('$(Platform)'=='Win32' and '$(Cfg_2)'=='true') or '$(Cfg_2_Win32)'!=''">
        <Cfg_2_Win32>true</Cfg_2_Win32>
        <CfgParent>Cfg_2</CfgParent>
        <Cfg_2>true</Cfg_2>
        <Base>true</Base>
    </PropertyGroup>
    <PropertyGroup Condition="('$(Platform)'=='Win64' and '$(Cfg_2)'=='true') or '$(Cfg_2_Win64)'!=''">
        <Cfg_2_Win64>true</Cfg_2_Win64>
        <CfgParent>Cfg_2</CfgParent>
        <Cfg_2>true</Cfg_2>
        <Base>true</Base>
    </PropertyGroup>
    <PropertyGroup Condition="'$(Base)'!=''">
        <DCC_DcuOutput>.\$(Platform)\$(Config)</DCC_DcuOutput>
        <DCC_ExeOutput>.\$(Platform)\$(Config)</DCC_ExeOutput>
        <DCC_E>false</DCC_E>
        <DCC_N>false</DCC_N>
        <DCC_S>false</DCC_S>
        <DCC_F>false</DCC_F>
        <DCC_K>false</DCC_K>
        <DCC_Namespace>System;Xml;Data;Datasnap;Web;Soap;Vcl;Vcl.Imaging;Vcl.Touch;Vcl.Samples;Vcl.Shell;$(DCC_Namespace)</DCC_Namespace>
        <Icon_MainIcon>$(BDS)\bin\delphi_PROJECTICON.ico</Icon_MainIcon>
        <Icns_MainIcns>$(BDS)\bin\delphi_PROJECTICNS.icns</Icns_MainIcns>
        <SanitizedProjectName>FrontMSS</SanitizedProjectName>
    </PropertyGroup>
    <PropertyGroup Condition="'$(Base_Win32)'!=''">
        <DCC_UsePackage>DBXSqliteDriver;RESTComponents;DataSnapServerMidas;DBXDb2Driver;DBXInterBaseDriver;vclactnband;vclFireDAC;emsclientfiredac;DataSnapFireDAC;tethering;svnui;FireDACADSDriver;DBXMSSQLDriver;DatasnapConnectorsFreePascal;FireDACMSSQLDriver;vcltouch;vcldb;bindcompfmx;svn;DBXOracleDriver;inetdb;FmxTeeUI;emsedge;FireDACIBDriver;fmx;fmxdae;vclib;FireDACDBXDriver;dbexpress;IndyCore;vclx;dsnap;DataSnapCommon;emsclient;FireDACCommon;RESTBackendComponents;DataSnapConnectors;uSynEdit_R2022;VCLRESTComponents;soapserver;vclie;bindengine;DBXMySQLDriver;CloudService;FireDACOracleDriver;FireDACMySQLDriver;DBXFirebirdDriver;FireDACCommonODBC;FireDACCommonDriver;DataSnapClient;inet;bindcompdbx;IndyIPCommon;vcl;DBXSybaseASEDriver;IndyIPServer;IndySystem;FireDACDb2Driver;dsnapcon;FireDACMSAccDriver;FireDACInfxDriver;fmxFireDAC;vclimg;uniGUI26VCL;TeeDB;FireDAC;emshosting;FireDACSqliteDriver;FireDACPgDriver;ibmonitor;FireDACASADriver;DBXOdbcDriver;FireDACTDataDriver;FMXTee;soaprtl;DbxCommonDriver;ibxpress;Tee;DataSnapServer;xmlrtl;DataSnapNativeClient;ibxbindings;fmxobj;FireDACDSDriver;soapmidas;rtl;emsserverresource;DbxClientDriver;vclwinx;DBXSybaseASADriver;CustomIPTransport;vcldsnap;bindcomp;appanalytics;DBXInformixDriver;IndyIPClient;bindcompvcl;TeeUI;dbxcds;VclSmp;adortl;FireDACODBCDriver;DataSnapIndy10ServerTransport;DataSnapProviderClient;dsnapxml;dbrtl;FireDACMongoDBDriver;IndyProtocols;inetdbxpress;fmxase;$(DCC_UsePackage)</DCC_UsePackage>
        <DCC_Namespace>Winapi;System.Win;Data.Win;Datasnap.Win;Web.Win;Soap.Win;Xml.Win;Bde;$(DCC_Namespace)</DCC_Namespace>
        <BT_BuildType>Debug</BT_BuildType>
        <VerInfo_IncludeVerInfo>true</VerInfo_IncludeVerInfo>
        <VerInfo_Keys>CompanyName=;FileDescription=$(MSBuildProjectName);FileVersion=1.0.0.0;InternalName=;LegalCopyright=;LegalTrademarks=;OriginalFilename=;ProgramID=com.embarcadero.$(MSBuildProjectName);ProductName=$(MSBuildProjectName);ProductVersion=1.0.0.0;Comments=</VerInfo_Keys>
        <VerInfo_Locale>1033</VerInfo_Locale>
        <Manifest_File>$(BDS)\bin\default_app.manifest</Manifest_File>
    </PropertyGroup>
    <PropertyGroup Condition="'$(Base_Win64)'!=''">
        <DCC_UsePackage>DBXSqliteDriver;RESTComponents;DataSnapServerMidas;DBXDb2Driver;DBXInterBaseDriver;vclactnband;vclFireDAC;emsclientfiredac;DataSnapFireDAC;tethering;FireDACADSDriver;DBXMSSQLDriver;DatasnapConnectorsFreePascal;FireDACMSSQLDriver;vcltouch;vcldb;bindcompfmx;DBXOracleDriver;inetdb;FmxTeeUI;emsedge;FireDACIBDriver;fmx;fmxdae;vclib;FireDACDBXDriver;dbexpress;IndyCore;vclx;dsnap;DataSnapCommon;emsclient;FireDACCommon;RESTBackendComponents;DataSnapConnectors;uSynEdit_R2022;VCLRESTComponents;soapserver;vclie;bindengine;DBXMySQLDriver;CloudService;FireDACOracleDriver;FireDACMySQLDriver;DBXFirebirdDriver;FireDACCommonODBC;FireDACCommonDriver;DataSnapClient;inet;bindcompdbx;IndyIPCommon;vcl;DBXSybaseASEDriver;IndyIPServer;IndySystem;FireDACDb2Driver;dsnapcon;FireDACMSAccDriver;FireDACInfxDriver;fmxFireDAC;vclimg;uniGUI26VCL;TeeDB;FireDAC;emshosting;FireDACSqliteDriver;FireDACPgDriver;ibmonitor;FireDACASADriver;DBXOdbcDriver;FireDACTDataDriver;FMXTee;soaprtl;DbxCommonDriver;ibxpress;Tee;DataSnapServer;xmlrtl;DataSnapNativeClient;ibxbindings;fmxobj;FireDACDSDriver;soapmidas;rtl;emsserverresource;DbxClientDriver;vclwinx;DBXSybaseASADriver;CustomIPTransport;vcldsnap;bindcomp;appanalytics;DBXInformixDriver;IndyIPClient;bindcompvcl;TeeUI;dbxcds;VclSmp;adortl;FireDACODBCDriver;DataSnapIndy10ServerTransport;DataSnapProviderClient;dsnapxml;dbrtl;FireDACMongoDBDriver;IndyProtocols;inetdbxpress;fmxase;$(DCC_UsePackage)</DCC_UsePackage>
        <DCC_Namespace>Winapi;System.Win;Data.Win;Datasnap.Win;Web.Win;Soap.Win;Xml.Win;$(DCC_Namespace)</DCC_Namespace>
        <BT_BuildType>Debug</BT_BuildType>
        <VerInfo_IncludeVerInfo>true</VerInfo_IncludeVerInfo>
        <VerInfo_Keys>CompanyName=;FileDescription=$(MSBuildProjectName);FileVersion=1.0.0.0;InternalName=;LegalCopyright=;LegalTrademarks=;OriginalFilename=;ProgramID=com.embarcadero.$(MSBuildProjectName);ProductName=$(MSBuildProjectName);ProductVersion=1.0.0.0;Comments=</VerInfo_Keys>
        <VerInfo_Locale>1033</VerInfo_Locale>
        <Manifest_File>$(BDS)\bin\default_app.manifest</Manifest_File>
    </PropertyGroup>
    <PropertyGroup Condition="'$(Cfg_1)'!=''">
        <DCC_Define>DEBUG;$(DCC_Define)</DCC_Define>
        <DCC_DebugDCUs>true</DCC_DebugDCUs>
        <DCC_Optimize>false</DCC_Optimize>
        <DCC_GenerateStackFrames>true</DCC_GenerateStackFrames>
        <DCC_DebugInfoInExe>true</DCC_DebugInfoInExe>
        <DCC_RemoteDebug>true</DCC_RemoteDebug>
        <DCC_UnitSearchPath>C:\code\fronadmin\src\frontMSS\Forms\LinksFrames;$(DCC_UnitSearchPath)</DCC_UnitSearchPath>
    </PropertyGroup>
    <PropertyGroup Condition="'$(Cfg_1_Win32)'!=''">
        <DCC_RemoteDebug>false</DCC_RemoteDebug>
        <AppDPIAwarenessMode>PerMonitorV2</AppDPIAwarenessMode>
        <VerInfo_IncludeVerInfo>true</VerInfo_IncludeVerInfo>
        <DCC_UnitSearchPath>C:\code\fronadmin\src\frontMSS\Forms;C:\code\fronadmin\src\frontMSS\APIClasses;C:\code\fronadmin\src\frontMSS\EntityClasses\tasks;$(DCC_UnitSearchPath)</DCC_UnitSearchPath>
        <VerInfo_Locale>1033</VerInfo_Locale>
    </PropertyGroup>
    <PropertyGroup Condition="'$(Cfg_1_Win64)'!=''">
        <AppDPIAwarenessMode>PerMonitorV2</AppDPIAwarenessMode>
    </PropertyGroup>
    <PropertyGroup Condition="'$(Cfg_2)'!=''">
        <DCC_LocalDebugSymbols>false</DCC_LocalDebugSymbols>
        <DCC_Define>RELEASE;$(DCC_Define)</DCC_Define>
        <DCC_SymbolReferenceInfo>0</DCC_SymbolReferenceInfo>
        <DCC_DebugInformation>0</DCC_DebugInformation>
    </PropertyGroup>
    <PropertyGroup Condition="'$(Cfg_2_Win32)'!=''">
        <AppEnableRuntimeThemes>true</AppEnableRuntimeThemes>
        <AppDPIAwarenessMode>PerMonitorV2</AppDPIAwarenessMode>
    </PropertyGroup>
    <PropertyGroup Condition="'$(Cfg_2_Win64)'!=''">
        <AppDPIAwarenessMode>PerMonitorV2</AppDPIAwarenessMode>
    </PropertyGroup>
    <ItemGroup>
        <DelphiCompile Include="$(MainSource)">
            <MainSource>MainSource</MainSource>
        </DelphiCompile>
        <DCCReference Include="ServerModule.pas">
            <Form>UniServerModule</Form>
            <DesignClass>TUniGUIServerModule</DesignClass>
        </DCCReference>
        <DCCReference Include="MainModule.pas">
            <Form>UniMainModule</Form>
            <DesignClass>TUniGUIMainModule</DesignClass>
        </DCCReference>
        <DCCReference Include="Main.pas">
            <Form>MainForm</Form>
            <DesignClass>TUniForm</DesignClass>
        </DCCReference>
        <DCCReference Include="Logging\LoggingUnit.pas"/>
        <DCCReference Include="Logging\TextFileLoggerUnit.pas"/>
        <DCCReference Include="Forms\ChannelEditFormUnit.pas">
            <Form>ChannelEditForm</Form>
            <DesignClass>TUniForm</DesignClass>
        </DCCReference>
        <DCCReference Include="Forms\ChannelsFormUnit.pas">
            <Form>ChannelsForm</Form>
            <DesignClass>TUniForm</DesignClass>
        </DCCReference>
        <DCCReference Include="Forms\ListParentFormUnit.pas">
            <Form>ListParentForm</Form>
            <DesignClass>TUniForm</DesignClass>
        </DCCReference>
        <DCCReference Include="Forms\ParentEditFormUnit.pas">
            <Form>ParentEditForm</Form>
            <DesignClass>TUniForm</DesignClass>
        </DCCReference>
        <DCCReference Include="Forms\ParentFormUnit.pas">
            <Form>ParentForm</Form>
            <DesignClass>TUniForm</DesignClass>
        </DCCReference>
        <DCCReference Include="Forms\StripTaskEditFormUnit.pas">
            <Form>StripTaskEditForm</Form>
            <DesignClass>TUniForm</DesignClass>
        </DCCReference>
        <DCCReference Include="Forms\StripTasksFormUnit.pas">
            <Form>StripTasksForm</Form>
            <DesignClass>TUniForm</DesignClass>
        </DCCReference>
        <DCCReference Include="Forms\AliasEditFormUnit.pas">
            <Form>AliasEditForm</Form>
            <FormType>dfm</FormType>
            <DesignClass>TUniForm</DesignClass>
        </DCCReference>
        <DCCReference Include="Forms\AliasesFormUnit.pas">
            <Form>AliasesForm</Form>
            <FormType>dfm</FormType>
            <DesignClass>TUniForm</DesignClass>
        </DCCReference>
        <DCCReference Include="Forms\AbonentEditFormUnit.pas">
            <Form>AbonentEditForm</Form>
            <FormType>dfm</FormType>
            <DesignClass>TUniForm</DesignClass>
        </DCCReference>
        <DCCReference Include="Forms\AbonentsFormUnit.pas">
            <Form>AbonentsForm</Form>
            <FormType>dfm</FormType>
            <DesignClass>TUniForm</DesignClass>
        </DCCReference>
        <DCCReference Include="Forms\HandlerEditFormUnit.pas">
            <Form>HandlerEditForm</Form>
            <FormType>dfm</FormType>
            <DesignClass>TUniForm</DesignClass>
        </DCCReference>
        <DCCReference Include="Forms\HandlersFormUnit.pas">
            <Form>HandlersForm</Form>
            <FormType>dfm</FormType>
            <DesignClass>TUniForm</DesignClass>
        </DCCReference>
        <DCCReference Include="Forms\RouterSourceEditFormUnit.pas">
            <Form>RouterSourceEditForm</Form>
            <DesignClass>TUniForm</DesignClass>
        </DCCReference>
        <DCCReference Include="Forms\RouterSourcesFormUnit.pas">
            <Form>RouterSourcesForm</Form>
            <DesignClass>TUniForm</DesignClass>
        </DCCReference>
        <DCCReference Include="Forms\RuleEditFormUnit.pas">
            <Form>RuleEditForm</Form>
            <DesignClass>TUniForm</DesignClass>
        </DCCReference>
        <DCCReference Include="Forms\RulesFormUnit.pas">
            <Form>RulesForm</Form>
            <DesignClass>TUniForm</DesignClass>
        </DCCReference>
        <DCCReference Include="APIClasses\APIConst.pas"/>
        <DCCReference Include="APIClasses\ChannelsBrokerUnit.pas"/>
        <DCCReference Include="APIClasses\LinksBrokerUnit.pas"/>
        <DCCReference Include="APIClasses\MonitoringTasksBrokerUnit.pas"/>
        <DCCReference Include="APIClasses\QueuesBrokerUnit.pas"/>
        <DCCReference Include="APIClasses\RouterSourceBrokerUnit.pas"/>
        <DCCReference Include="APIClasses\RulesBrokerUnit.pas"/>
        <DCCReference Include="APIClasses\AbonentsBrokerUnit.pas"/>
        <DCCReference Include="APIClasses\HandlersBrokerUnit.pas"/>
        <DCCReference Include="APIClasses\AliasesBrokerUnit.pas"/>
        <DCCReference Include="APIClasses\StripTasksBrokerUnit.pas"/>
        <DCCReference Include="APIClasses\SummaryTasksBrokerUnit.pas"/>
        <DCCReference Include="EntityClasses\monitoring\MonitoringTaskUnit.pas"/>
        <DCCReference Include="EntityClasses\strips\StripTaskUnit.pas"/>
        <DCCReference Include="EntityClasses\router\ChannelUnit.pas"/>
        <DCCReference Include="EntityClasses\router\AliasUnit.pas"/>
        <DCCReference Include="EntityClasses\router\AbonentUnit.pas"/>
        <DCCReference Include="EntityClasses\router\HandlerUnit.pas"/>
        <DCCReference Include="EntityClasses\router\QueueUnit.pas"/>
        <DCCReference Include="EntityClasses\router\RouterSourceUnit.pas"/>
        <DCCReference Include="APIClasses\MainHttpModuleUnit.pas"/>
        <DCCReference Include="Forms\LinksFormUnit.pas">
            <Form>LinksForm</Form>
            <DesignClass>TUniForm</DesignClass>
        </DCCReference>
        <DCCReference Include="Forms\LinkEditFormUnit.pas">
            <Form>LinkEditForm</Form>
            <DesignClass>TUniForm</DesignClass>
        </DCCReference>
        <DCCReference Include="Forms\SummaryTaskEditFormUnit.pas"/>
        <DCCReference Include="Forms\SummaryTasksFormUnit.pas"/>
        <DCCReference Include="APIClasses\EntityBrokerUnit.pas"/>
        <DCCReference Include="Common\ConstsUnit.pas"/>
        <DCCReference Include="Common\FuncUnit.pas"/>
        <DCCReference Include="Common\KeyValUnit.pas"/>
        <DCCReference Include="Forms\TasksFrames\ParentTaskCustomSettingsEditFrameUnit.pas">
            <Form>ParentTaskCustomSettingsEditFrame</Form>
            <FormType>dfm</FormType>
            <DesignClass>TUniFrame</DesignClass>
        </DCCReference>
        <DCCReference Include="EntityClasses\Common\ConditionUnit.pas"/>
        <DCCReference Include="EntityClasses\Common\EntityUnit.pas"/>
        <DCCReference Include="EntityClasses\Common\GeoTypeUnit.pas"/>
        <DCCReference Include="EntityClasses\Common\GUIDListUnit.pas"/>
        <DCCReference Include="EntityClasses\Common\StringListUnit.pas"/>
        <DCCReference Include="EntityClasses\Common\StringUnit.pas"/>
        <DCCReference Include="EntityClasses\tasks\TaskSettingsUnit.pas"/>
        <DCCReference Include="EntityClasses\tasks\TaskSourceUnit.pas"/>
        <DCCReference Include="EntityClasses\tasks\TaskTypesUnit.pas"/>
        <DCCReference Include="EntityClasses\tasks\TaskUnit.pas"/>
        <DCCReference Include="EntityClasses\links\ConnectionSettingsUnit.pas"/>
        <DCCReference Include="EntityClasses\links\DirSettingsUnit.pas"/>
        <DCCReference Include="EntityClasses\links\LinkSettingsUnit.pas"/>
        <DCCReference Include="EntityClasses\links\LinkUnit.pas"/>
        <DCCReference Include="EntityClasses\links\QueueSettingsUnit.pas"/>
        <DCCReference Include="EntityClasses\links\S3SettingsUnit.pas"/>
        <DCCReference Include="EntityClasses\links\ScheduleSettingsUnit.pas"/>
        <DCCReference Include="EntityClasses\summary\SummaryTaskCustomSettingsUnit.pas"/>
        <DCCReference Include="EntityClasses\summary\SummaryTaskUnit.pas"/>
        <DCCReference Include="Forms\TasksFrames\SummaryCXMLTaskCustomSettingsEditFrameUnit.pas">
            <Form>SummaryCXMLTaskCustomSettingsEditFrame</Form>
            <FormType>dfm</FormType>
            <DesignClass>TUniFrame</DesignClass>
        </DCCReference>
        <DCCReference Include="Forms\TasksFrames\SummarySynopTaskCustomSettingsEditFrameUnit.pas">
            <Form>SummarySynopTaskCustomSettingsEditFrame</Form>
            <FormType>dfm</FormType>
            <DesignClass>TUniFrame</DesignClass>
        </DCCReference>
        <DCCReference Include="Forms\TasksFrames\SummaryHydraTaskCustomSettingsEditFrameUnit.pas">
            <Form>SummaryHydraTaskCustomSettingsEditFrame</Form>
            <FormType>dfm</FormType>
            <DesignClass>TUniFrame</DesignClass>
        </DCCReference>
        <DCCReference Include="Forms\TasksFrames\SummarySEBATaskCustomSettingsEditFrameUnit.pas">
            <Form>SummarySEBATaskCustomSettingsEditFrame</Form>
            <FormType>dfm</FormType>
            <DesignClass>TUniFrame</DesignClass>
        </DCCReference>
        <DCCReference Include="EntityClasses\datacomm\ProfileUnit.pas"/>
        <DCCReference Include="EntityClasses\router\RuleUnit.pas"/>
        <DCCReference Include="EntityClasses\router\SmallRuleUnit.pas"/>
        <DCCReference Include="APIClasses\ProfilesBrokerUnit.pas"/>
        <DCCReference Include="Forms\LinksFrames\OpenMCEPSettingEditFrameUnit.pas">
            <Form>OpenMCEPSettingEditFrame</Form>
            <FormType>dfm</FormType>
            <DesignClass>TUniFrame</DesignClass>
        </DCCReference>
        <DCCReference Include="Forms\LinksFrames\ParentLinkSettingEditFrameUnit.pas">
            <Form>ParentLinkSettingEditFrame</Form>
            <FormType>dfm</FormType>
            <DesignClass>TUniFrame</DesignClass>
        </DCCReference>
        <DCCReference Include="Forms\LinksFrames\ProfileFrameUnit.pas">
            <Form>ProfileFrame</Form>
            <FormType>dfm</FormType>
            <DesignClass>TUniFrame</DesignClass>
        </DCCReference>
        <DCCReference Include="Forms\LinksFrames\ProfilesFrameUnit.pas">
            <Form>ProfilesFrame</Form>
            <FormType>dfm</FormType>
            <DesignClass>TUniFrame</DesignClass>
        </DCCReference>
        <DCCReference Include="Forms\LinksFrames\SharedFrameBoolInput.pas">
            <Form>FrameBoolInput</Form>
            <FormType>dfm</FormType>
            <DesignClass>TUniFrame</DesignClass>
        </DCCReference>
        <DCCReference Include="Forms\LinksFrames\SharedFrameCombobox.pas">
            <Form>FrameCombobox</Form>
            <FormType>dfm</FormType>
            <DesignClass>TUniFrame</DesignClass>
        </DCCReference>
        <DCCReference Include="Forms\LinksFrames\SharedFrameConnections.pas">
            <Form>FrameConnections</Form>
            <FormType>dfm</FormType>
            <DesignClass>TUniFrame</DesignClass>
        </DCCReference>
        <DCCReference Include="Forms\LinksFrames\SharedFrameTextInput.pas">
            <Form>FrameTextInput</Form>
            <FormType>dfm</FormType>
            <DesignClass>TUniFrame</DesignClass>
        </DCCReference>
        <DCCReference Include="Forms\LinksFrames\SocketSpecialSettingEditFrameUnit.pas">
            <Form>SocketSpecialSettingEditFrame</Form>
            <FormType>dfm</FormType>
            <DesignClass>TUniFrame</DesignClass>
        </DCCReference>
        <DCCReference Include="APIClasses\SummaryTaskSourcesBrokerUnit.pas"/>
        <DCCReference Include="APIClasses\TasksBrokerUnit.pas"/>
        <DCCReference Include="APIClasses\TaskSourcesBrokerUnit.pas"/>
        <DCCReference Include="EntityClasses\dsprocessor\DSProcessorTaskUnit.pas"/>
        <DCCReference Include="Forms\SelectTaskSourcesFormUnit.pas">
            <Form>SelectTaskSourcesForm</Form>
            <FormType>dfm</FormType>
            <DesignClass>TUniForm</DesignClass>
        </DCCReference>
        <DCCReference Include="EntityClasses\dataserver\SourceUnit.pas"/>
        <DCCReference Include="Forms\TasksParentFormUnit.pas">
            <Form>TaskParentForm</Form>
            <FormType>dfm</FormType>
            <DesignClass>TUniForm</DesignClass>
        </DCCReference>
        <DCCReference Include="Forms\TaskEditParentFormUnit.pas">
            <Form>TaskEditParentForm</Form>
            <FormType>dfm</FormType>
            <DesignClass>TUniForm</DesignClass>
        </DCCReference>
        <DCCReference Include="EntityClasses\Common\FilterUnit.pas"/>
        <DCCReference Include="Common\common.pas"/>
        <DCCReference Include="EntityClasses\acl\CompanyUnit.pas"/>
        <DCCReference Include="EntityClasses\acl\DepartmentUnit.pas"/>
        <DCCReference Include="EntityClasses\acl\UserUnit.pas"/>
        <DCCReference Include="APIClasses\CompanyBrokerUnit.pas"/>
        <DCCReference Include="APIClasses\DepartmentBrokerUnit.pas"/>
        <DCCReference Include="Forms\DSProcessorTaskEditFormUnit.pas"/>
        <DCCReference Include="Forms\DSProcessorTasksFormUnit.pas"/>
        <DCCReference Include="APIClasses\DSProcessorTasksBrokerUnit.pas"/>
        <DCCReference Include="APIClasses\DSProcessorTaskSourceBrokerUnit.pas"/>
        <DCCReference Include="Forms\MonitoringTaskEditFormUnit.pas"/>
        <DCCReference Include="Forms\MonitoringTasksFormUnit.pas"/>
        <DCCReference Include="APIClasses\SourcesBrokerUnit.pas"/>
        <DCCReference Include="\\ksandr-pc\МетеоКонтекст\Jolik\src\frontMSS\Forms\LinksFrames\SharedFrameRuleConditionUnit.pas">
            <Form>FrameRuleCondition</Form>
            <FormType>dfm</FormType>
            <DesignClass>TUniFrame</DesignClass>
        </DCCReference>
        <DCCReference Include="APIClasses\MonitoringTaskSourceBrokerUnit.pas"/>
        <DCCReference Include="EntityClasses\acl\ProfileRuleUnit.pas"/>
        <DCCReference Include="Forms\QueueFrameUnit.pas">
            <Form>QueueFrame</Form>
            <FormType>dfm</FormType>
            <DesignClass>TUniFrame</DesignClass>
        </DCCReference>
        <DCCReference Include="Forms\LinksFrames\SharedFrameQueue.pas">
            <Form>FrameQueue</Form>
            <FormType>dfm</FormType>
            <DesignClass>TUniFrame</DesignClass>
        </DCCReference>
        <DCCReference Include="Forms\SharedFrameQueueFilterUnit.pas">
            <Form>QueueConditionFrame</Form>
            <FormType>dfm</FormType>
            <DesignClass>TUniFrame</DesignClass>
        </DCCReference>
        <BuildConfiguration Include="Base">
            <Key>Base</Key>
        </BuildConfiguration>
        <BuildConfiguration Include="Debug">
            <Key>Cfg_1</Key>
            <CfgParent>Base</CfgParent>
        </BuildConfiguration>
        <BuildConfiguration Include="Release">
            <Key>Cfg_2</Key>
            <CfgParent>Base</CfgParent>
        </BuildConfiguration>
    </ItemGroup>
    <ProjectExtensions>
        <Borland.Personality>Delphi.Personality.12</Borland.Personality>
        <Borland.ProjectType>Application</Borland.ProjectType>
        <BorlandProject>
            <Delphi.Personality>
                <Source>
                    <Source Name="MainSource">FrontMSS.dpr</Source>
                </Source>
                <Excluded_Packages>
                    <Excluded_Packages Name="$(BDSBIN)\dcloffice2k370.bpl">Microsoft Office 2000 Sample Automation Server Wrapper Components</Excluded_Packages>
                    <Excluded_Packages Name="$(BDSBIN)\dclofficexp370.bpl">Microsoft Office XP Sample Automation Server Wrapper Components</Excluded_Packages>
                </Excluded_Packages>
            </Delphi.Personality>
            <Deployment Version="5">
                <DeployFile LocalName="Linux64\Debug\FrontDCC" Configuration="Debug" Class="ProjectOutput"/>
                <DeployFile LocalName="Win32\Debug\FrontMSS.exe" Configuration="Debug" Class="ProjectOutput"/>
                <DeployFile LocalName="Win32\Debug\uniGUIforLinux.exe" Configuration="Debug" Class="ProjectOutput"/>
                <DeployFile LocalName="Win64\Debug\FrontMSS.exe" Configuration="Debug" Class="ProjectOutput"/>
                <DeployFile LocalName="Win64\Debug\FrontMSS.exe" Configuration="Debug" Class="ProjectOutput">
                    <Platform Name="Win64">
                        <RemoteName>FrontMSS.exe</RemoteName>
                        <Overwrite>true</Overwrite>
                    </Platform>
                </DeployFile>
                <DeployFile LocalName="Win64\Debug\FrontMSS.rsm" Configuration="Debug" Class="DebugSymbols">
                    <Platform Name="Win64">
                        <RemoteName>FrontMSS.rsm</RemoteName>
                        <Overwrite>true</Overwrite>
                    </Platform>
                </DeployFile>
                <DeployClass Name="AdditionalDebugSymbols">
                    <Platform Name="iOSSimulator">
                        <Operation>1</Operation>
                    </Platform>
                    <Platform Name="OSX32">
                        <RemoteDir>Contents\MacOS</RemoteDir>
                        <Operation>1</Operation>
                    </Platform>
                    <Platform Name="Win32">
                        <Operation>0</Operation>
                    </Platform>
                </DeployClass>
                <DeployClass Name="AndroidFileProvider">
                    <Platform Name="Android">
                        <RemoteDir>res\xml</RemoteDir>
                        <Operation>1</Operation>
                    </Platform>
                    <Platform Name="Android64">
                        <RemoteDir>res\xml</RemoteDir>
                        <Operation>1</Operation>
                    </Platform>
                </DeployClass>
                <DeployClass Name="AndroidLibnativeArmeabiFile">
                    <Platform Name="Android">
                        <RemoteDir>library\lib\armeabi</RemoteDir>
                        <Operation>1</Operation>
                    </Platform>
                    <Platform Name="Android64">
                        <RemoteDir>library\lib\armeabi</RemoteDir>
                        <Operation>1</Operation>
                    </Platform>
                </DeployClass>
                <DeployClass Name="AndroidLibnativeArmeabiv7aFile">
                    <Platform Name="Android64">
                        <RemoteDir>library\lib\armeabi-v7a</RemoteDir>
                        <Operation>1</Operation>
                    </Platform>
                </DeployClass>
                <DeployClass Name="AndroidLibnativeMipsFile">
                    <Platform Name="Android">
                        <RemoteDir>library\lib\mips</RemoteDir>
                        <Operation>1</Operation>
                    </Platform>
                    <Platform Name="Android64">
                        <RemoteDir>library\lib\mips</RemoteDir>
                        <Operation>1</Operation>
                    </Platform>
                </DeployClass>
                <DeployClass Name="AndroidServiceOutput">
                    <Platform Name="Android">
                        <RemoteDir>library\lib\armeabi-v7a</RemoteDir>
                        <Operation>1</Operation>
                    </Platform>
                    <Platform Name="Android64">
                        <RemoteDir>library\lib\arm64-v8a</RemoteDir>
                        <Operation>1</Operation>
                    </Platform>
                </DeployClass>
                <DeployClass Name="AndroidServiceOutput_Android32">
                    <Platform Name="Android64">
                        <RemoteDir>library\lib\armeabi-v7a</RemoteDir>
                        <Operation>1</Operation>
                    </Platform>
                </DeployClass>
                <DeployClass Name="AndroidSplashImageDef">
                    <Platform Name="Android">
                        <RemoteDir>res\drawable</RemoteDir>
                        <Operation>1</Operation>
                    </Platform>
                    <Platform Name="Android64">
                        <RemoteDir>res\drawable</RemoteDir>
                        <Operation>1</Operation>
                    </Platform>
                </DeployClass>
                <DeployClass Name="AndroidSplashImageDefV21">
                    <Platform Name="Android">
                        <RemoteDir>res\drawable-anydpi-v21</RemoteDir>
                        <Operation>1</Operation>
                    </Platform>
                    <Platform Name="Android64">
                        <RemoteDir>res\drawable-anydpi-v21</RemoteDir>
                        <Operation>1</Operation>
                    </Platform>
                </DeployClass>
                <DeployClass Name="AndroidSplashStyles">
                    <Platform Name="Android">
                        <RemoteDir>res\values</RemoteDir>
                        <Operation>1</Operation>
                    </Platform>
                    <Platform Name="Android64">
                        <RemoteDir>res\values</RemoteDir>
                        <Operation>1</Operation>
                    </Platform>
                </DeployClass>
                <DeployClass Name="AndroidSplashStylesV21">
                    <Platform Name="Android">
                        <RemoteDir>res\values-v21</RemoteDir>
                        <Operation>1</Operation>
                    </Platform>
                    <Platform Name="Android64">
                        <RemoteDir>res\values-v21</RemoteDir>
                        <Operation>1</Operation>
                    </Platform>
                </DeployClass>
                <DeployClass Name="AndroidSplashStylesV31">
                    <Platform Name="Android">
                        <RemoteDir>res\values-v31</RemoteDir>
                        <Operation>1</Operation>
                    </Platform>
                    <Platform Name="Android64">
                        <RemoteDir>res\values-v31</RemoteDir>
                        <Operation>1</Operation>
                    </Platform>
                </DeployClass>
                <DeployClass Name="AndroidSplashStylesV35">
                    <Platform Name="Android">
                        <RemoteDir>res\values-v35</RemoteDir>
                        <Operation>1</Operation>
                    </Platform>
                    <Platform Name="Android64">
                        <RemoteDir>res\values-v35</RemoteDir>
                        <Operation>1</Operation>
                    </Platform>
                </DeployClass>
                <DeployClass Name="Android_AdaptiveIcon">
                    <Platform Name="Android">
                        <RemoteDir>res\drawable-anydpi-v26</RemoteDir>
                        <Operation>1</Operation>
                    </Platform>
                    <Platform Name="Android64">
                        <RemoteDir>res\drawable-anydpi-v26</RemoteDir>
                        <Operation>1</Operation>
                    </Platform>
                </DeployClass>
                <DeployClass Name="Android_AdaptiveIconBackground">
                    <Platform Name="Android">
                        <RemoteDir>res\drawable</RemoteDir>
                        <Operation>1</Operation>
                    </Platform>
                    <Platform Name="Android64">
                        <RemoteDir>res\drawable</RemoteDir>
                        <Operation>1</Operation>
                    </Platform>
                </DeployClass>
                <DeployClass Name="Android_AdaptiveIconForeground">
                    <Platform Name="Android">
                        <RemoteDir>res\drawable</RemoteDir>
                        <Operation>1</Operation>
                    </Platform>
                    <Platform Name="Android64">
                        <RemoteDir>res\drawable</RemoteDir>
                        <Operation>1</Operation>
                    </Platform>
                </DeployClass>
                <DeployClass Name="Android_AdaptiveIconMonochrome">
                    <Platform Name="Android">
                        <RemoteDir>res\drawable</RemoteDir>
                        <Operation>1</Operation>
                    </Platform>
                    <Platform Name="Android64">
                        <RemoteDir>res\drawable</RemoteDir>
                        <Operation>1</Operation>
                    </Platform>
                </DeployClass>
                <DeployClass Name="Android_AdaptiveIconV33">
                    <Platform Name="Android">
                        <RemoteDir>res\drawable-anydpi-v33</RemoteDir>
                        <Operation>1</Operation>
                    </Platform>
                    <Platform Name="Android64">
                        <RemoteDir>res\drawable-anydpi-v33</RemoteDir>
                        <Operation>1</Operation>
                    </Platform>
                </DeployClass>
                <DeployClass Name="Android_Colors">
                    <Platform Name="Android">
                        <RemoteDir>res\values</RemoteDir>
                        <Operation>1</Operation>
                    </Platform>
                    <Platform Name="Android64">
                        <RemoteDir>res\values</RemoteDir>
                        <Operation>1</Operation>
                    </Platform>
                </DeployClass>
                <DeployClass Name="Android_ColorsDark">
                    <Platform Name="Android">
                        <RemoteDir>res\values-night-v21</RemoteDir>
                        <Operation>1</Operation>
                    </Platform>
                    <Platform Name="Android64">
                        <RemoteDir>res\values-night-v21</RemoteDir>
                        <Operation>1</Operation>
                    </Platform>
                </DeployClass>
                <DeployClass Name="Android_DefaultAppIcon">
                    <Platform Name="Android">
                        <RemoteDir>res\drawable</RemoteDir>
                        <Operation>1</Operation>
                    </Platform>
                    <Platform Name="Android64">
                        <RemoteDir>res\drawable</RemoteDir>
                        <Operation>1</Operation>
                    </Platform>
                </DeployClass>
                <DeployClass Name="Android_LauncherIcon144">
                    <Platform Name="Android">
                        <RemoteDir>res\drawable-xxhdpi</RemoteDir>
                        <Operation>1</Operation>
                    </Platform>
                    <Platform Name="Android64">
                        <RemoteDir>res\drawable-xxhdpi</RemoteDir>
                        <Operation>1</Operation>
                    </Platform>
                </DeployClass>
                <DeployClass Name="Android_LauncherIcon192">
                    <Platform Name="Android">
                        <RemoteDir>res\drawable-xxxhdpi</RemoteDir>
                        <Operation>1</Operation>
                    </Platform>
                    <Platform Name="Android64">
                        <RemoteDir>res\drawable-xxxhdpi</RemoteDir>
                        <Operation>1</Operation>
                    </Platform>
                </DeployClass>
                <DeployClass Name="Android_LauncherIcon36">
                    <Platform Name="Android">
                        <RemoteDir>res\drawable-ldpi</RemoteDir>
                        <Operation>1</Operation>
                    </Platform>
                    <Platform Name="Android64">
                        <RemoteDir>res\drawable-ldpi</RemoteDir>
                        <Operation>1</Operation>
                    </Platform>
                </DeployClass>
                <DeployClass Name="Android_LauncherIcon48">
                    <Platform Name="Android">
                        <RemoteDir>res\drawable-mdpi</RemoteDir>
                        <Operation>1</Operation>
                    </Platform>
                    <Platform Name="Android64">
                        <RemoteDir>res\drawable-mdpi</RemoteDir>
                        <Operation>1</Operation>
                    </Platform>
                </DeployClass>
                <DeployClass Name="Android_LauncherIcon72">
                    <Platform Name="Android">
                        <RemoteDir>res\drawable-hdpi</RemoteDir>
                        <Operation>1</Operation>
                    </Platform>
                    <Platform Name="Android64">
                        <RemoteDir>res\drawable-hdpi</RemoteDir>
                        <Operation>1</Operation>
                    </Platform>
                </DeployClass>
                <DeployClass Name="Android_LauncherIcon96">
                    <Platform Name="Android">
                        <RemoteDir>res\drawable-xhdpi</RemoteDir>
                        <Operation>1</Operation>
                    </Platform>
                    <Platform Name="Android64">
                        <RemoteDir>res\drawable-xhdpi</RemoteDir>
                        <Operation>1</Operation>
                    </Platform>
                </DeployClass>
                <DeployClass Name="Android_NotificationIcon24">
                    <Platform Name="Android">
                        <RemoteDir>res\drawable-mdpi</RemoteDir>
                        <Operation>1</Operation>
                    </Platform>
                    <Platform Name="Android64">
                        <RemoteDir>res\drawable-mdpi</RemoteDir>
                        <Operation>1</Operation>
                    </Platform>
                </DeployClass>
                <DeployClass Name="Android_NotificationIcon36">
                    <Platform Name="Android">
                        <RemoteDir>res\drawable-hdpi</RemoteDir>
                        <Operation>1</Operation>
                    </Platform>
                    <Platform Name="Android64">
                        <RemoteDir>res\drawable-hdpi</RemoteDir>
                        <Operation>1</Operation>
                    </Platform>
                </DeployClass>
                <DeployClass Name="Android_NotificationIcon48">
                    <Platform Name="Android">
                        <RemoteDir>res\drawable-xhdpi</RemoteDir>
                        <Operation>1</Operation>
                    </Platform>
                    <Platform Name="Android64">
                        <RemoteDir>res\drawable-xhdpi</RemoteDir>
                        <Operation>1</Operation>
                    </Platform>
                </DeployClass>
                <DeployClass Name="Android_NotificationIcon72">
                    <Platform Name="Android">
                        <RemoteDir>res\drawable-xxhdpi</RemoteDir>
                        <Operation>1</Operation>
                    </Platform>
                    <Platform Name="Android64">
                        <RemoteDir>res\drawable-xxhdpi</RemoteDir>
                        <Operation>1</Operation>
                    </Platform>
                </DeployClass>
                <DeployClass Name="Android_NotificationIcon96">
                    <Platform Name="Android">
                        <RemoteDir>res\drawable-xxxhdpi</RemoteDir>
                        <Operation>1</Operation>
                    </Platform>
                    <Platform Name="Android64">
                        <RemoteDir>res\drawable-xxxhdpi</RemoteDir>
                        <Operation>1</Operation>
                    </Platform>
                </DeployClass>
                <DeployClass Name="Android_SplashImage426">
                    <Platform Name="Android">
                        <RemoteDir>res\drawable-small</RemoteDir>
                        <Operation>1</Operation>
                    </Platform>
                    <Platform Name="Android64">
                        <RemoteDir>res\drawable-small</RemoteDir>
                        <Operation>1</Operation>
                    </Platform>
                </DeployClass>
                <DeployClass Name="Android_SplashImage470">
                    <Platform Name="Android">
                        <RemoteDir>res\drawable-normal</RemoteDir>
                        <Operation>1</Operation>
                    </Platform>
                    <Platform Name="Android64">
                        <RemoteDir>res\drawable-normal</RemoteDir>
                        <Operation>1</Operation>
                    </Platform>
                </DeployClass>
                <DeployClass Name="Android_SplashImage640">
                    <Platform Name="Android">
                        <RemoteDir>res\drawable-large</RemoteDir>
                        <Operation>1</Operation>
                    </Platform>
                    <Platform Name="Android64">
                        <RemoteDir>res\drawable-large</RemoteDir>
                        <Operation>1</Operation>
                    </Platform>
                </DeployClass>
                <DeployClass Name="Android_SplashImage960">
                    <Platform Name="Android">
                        <RemoteDir>res\drawable-xlarge</RemoteDir>
                        <Operation>1</Operation>
                    </Platform>
                    <Platform Name="Android64">
                        <RemoteDir>res\drawable-xlarge</RemoteDir>
                        <Operation>1</Operation>
                    </Platform>
                </DeployClass>
                <DeployClass Name="Android_Strings">
                    <Platform Name="Android">
                        <RemoteDir>res\values</RemoteDir>
                        <Operation>1</Operation>
                    </Platform>
                    <Platform Name="Android64">
                        <RemoteDir>res\values</RemoteDir>
                        <Operation>1</Operation>
                    </Platform>
                </DeployClass>
                <DeployClass Name="Android_VectorizedNotificationIcon">
                    <Platform Name="Android">
                        <RemoteDir>res\drawable-anydpi-v24</RemoteDir>
                        <Operation>1</Operation>
                    </Platform>
                    <Platform Name="Android64">
                        <RemoteDir>res\drawable-anydpi-v24</RemoteDir>
                        <Operation>1</Operation>
                    </Platform>
                </DeployClass>
                <DeployClass Name="Android_VectorizedSplash">
                    <Platform Name="Android">
                        <RemoteDir>res\drawable</RemoteDir>
                        <Operation>1</Operation>
                    </Platform>
                    <Platform Name="Android64">
                        <RemoteDir>res\drawable</RemoteDir>
                        <Operation>1</Operation>
                    </Platform>
                </DeployClass>
                <DeployClass Name="Android_VectorizedSplashDark">
                    <Platform Name="Android">
                        <RemoteDir>res\drawable-night-anydpi-v21</RemoteDir>
                        <Operation>1</Operation>
                    </Platform>
                    <Platform Name="Android64">
                        <RemoteDir>res\drawable-night-anydpi-v21</RemoteDir>
                        <Operation>1</Operation>
                    </Platform>
                </DeployClass>
                <DeployClass Name="Android_VectorizedSplashV31">
                    <Platform Name="Android">
                        <RemoteDir>res\drawable-anydpi-v31</RemoteDir>
                        <Operation>1</Operation>
                    </Platform>
                    <Platform Name="Android64">
                        <RemoteDir>res\drawable-anydpi-v31</RemoteDir>
                        <Operation>1</Operation>
                    </Platform>
                </DeployClass>
                <DeployClass Name="Android_VectorizedSplashV31Dark">
                    <Platform Name="Android">
                        <RemoteDir>res\drawable-night-anydpi-v31</RemoteDir>
                        <Operation>1</Operation>
                    </Platform>
                    <Platform Name="Android64">
                        <RemoteDir>res\drawable-night-anydpi-v31</RemoteDir>
                        <Operation>1</Operation>
                    </Platform>
                </DeployClass>
                <DeployClass Name="DebugSymbols">
                    <Platform Name="iOSSimulator">
                        <Operation>1</Operation>
                    </Platform>
                    <Platform Name="OSX32">
                        <RemoteDir>Contents\MacOS</RemoteDir>
                        <Operation>1</Operation>
                    </Platform>
                    <Platform Name="Win32">
                        <Operation>0</Operation>
                    </Platform>
                </DeployClass>
                <DeployClass Name="DependencyFramework">
                    <Platform Name="OSX32">
                        <RemoteDir>Contents\MacOS</RemoteDir>
                        <Operation>1</Operation>
                        <Extensions>.framework</Extensions>
                    </Platform>
                    <Platform Name="OSX64">
                        <RemoteDir>Contents\MacOS</RemoteDir>
                        <Operation>1</Operation>
                        <Extensions>.framework</Extensions>
                    </Platform>
                    <Platform Name="OSXARM64">
                        <RemoteDir>Contents\MacOS</RemoteDir>
                        <Operation>1</Operation>
                        <Extensions>.framework</Extensions>
                    </Platform>
                    <Platform Name="Win32">
                        <Operation>0</Operation>
                    </Platform>
                </DeployClass>
                <DeployClass Name="DependencyModule">
                    <Platform Name="iOSDevice32">
                        <Operation>1</Operation>
                        <Extensions>.dylib</Extensions>
                    </Platform>
                    <Platform Name="iOSDevice64">
                        <Operation>1</Operation>
                        <Extensions>.dylib</Extensions>
                    </Platform>
                    <Platform Name="iOSSimARM64">
                        <Operation>1</Operation>
                        <Extensions>.dylib</Extensions>
                    </Platform>
                    <Platform Name="OSX32">
                        <RemoteDir>Contents\MacOS</RemoteDir>
                        <Operation>1</Operation>
                        <Extensions>.dylib</Extensions>
                    </Platform>
                    <Platform Name="OSX64">
                        <RemoteDir>Contents\MacOS</RemoteDir>
                        <Operation>1</Operation>
                        <Extensions>.dylib</Extensions>
                    </Platform>
                    <Platform Name="OSXARM64">
                        <RemoteDir>Contents\MacOS</RemoteDir>
                        <Operation>1</Operation>
                        <Extensions>.dylib</Extensions>
                    </Platform>
                    <Platform Name="Win32">
                        <Operation>0</Operation>
                        <Extensions>.dll;.bpl</Extensions>
                    </Platform>
                </DeployClass>
                <DeployClass Required="true" Name="DependencyPackage">
                    <Platform Name="iOSDevice32">
                        <Operation>1</Operation>
                        <Extensions>.dylib</Extensions>
                    </Platform>
                    <Platform Name="iOSDevice64">
                        <Operation>1</Operation>
                        <Extensions>.dylib</Extensions>
                    </Platform>
                    <Platform Name="iOSSimARM64">
                        <Operation>1</Operation>
                        <Extensions>.dylib</Extensions>
                    </Platform>
                    <Platform Name="OSX32">
                        <RemoteDir>Contents\MacOS</RemoteDir>
                        <Operation>1</Operation>
                        <Extensions>.dylib</Extensions>
                    </Platform>
                    <Platform Name="OSX64">
                        <RemoteDir>Contents\MacOS</RemoteDir>
                        <Operation>1</Operation>
                        <Extensions>.dylib</Extensions>
                    </Platform>
                    <Platform Name="OSXARM64">
                        <RemoteDir>Contents\MacOS</RemoteDir>
                        <Operation>1</Operation>
                        <Extensions>.dylib</Extensions>
                    </Platform>
                    <Platform Name="Win32">
                        <Operation>0</Operation>
                        <Extensions>.bpl</Extensions>
                    </Platform>
                </DeployClass>
                <DeployClass Name="File">
                    <Platform Name="Android">
                        <Operation>0</Operation>
                    </Platform>
                    <Platform Name="Android64">
                        <Operation>0</Operation>
                    </Platform>
                    <Platform Name="iOSDevice32">
                        <Operation>0</Operation>
                    </Platform>
                    <Platform Name="iOSDevice64">
                        <Operation>0</Operation>
                    </Platform>
                    <Platform Name="iOSSimARM64">
                        <Operation>0</Operation>
                    </Platform>
                    <Platform Name="OSX32">
                        <RemoteDir>Contents\Resources\StartUp\</RemoteDir>
                        <Operation>0</Operation>
                    </Platform>
                    <Platform Name="OSX64">
                        <RemoteDir>Contents\Resources\StartUp\</RemoteDir>
                        <Operation>0</Operation>
                    </Platform>
                    <Platform Name="OSXARM64">
                        <RemoteDir>Contents\Resources\StartUp\</RemoteDir>
                        <Operation>0</Operation>
                    </Platform>
                    <Platform Name="Win32">
                        <Operation>0</Operation>
                    </Platform>
                </DeployClass>
                <DeployClass Name="ProjectAndroidManifest">
                    <Platform Name="Android">
                        <Operation>1</Operation>
                    </Platform>
                    <Platform Name="Android64">
                        <Operation>1</Operation>
                    </Platform>
                </DeployClass>
                <DeployClass Name="ProjectOSXDebug">
                    <Platform Name="OSX64">
                        <RemoteDir>..\$(PROJECTNAME).app.dSYM\Contents\Resources\DWARF</RemoteDir>
                        <Operation>1</Operation>
                    </Platform>
                    <Platform Name="OSXARM64">
                        <RemoteDir>..\$(PROJECTNAME).app.dSYM\Contents\Resources\DWARF</RemoteDir>
                        <Operation>1</Operation>
                    </Platform>
                </DeployClass>
                <DeployClass Name="ProjectOSXEntitlements">
                    <Platform Name="OSX32">
                        <RemoteDir>..\</RemoteDir>
                        <Operation>1</Operation>
                    </Platform>
                    <Platform Name="OSX64">
                        <RemoteDir>..\</RemoteDir>
                        <Operation>1</Operation>
                    </Platform>
                    <Platform Name="OSXARM64">
                        <RemoteDir>..\</RemoteDir>
                        <Operation>1</Operation>
                    </Platform>
                </DeployClass>
                <DeployClass Name="ProjectOSXInfoPList">
                    <Platform Name="OSX32">
                        <RemoteDir>Contents</RemoteDir>
                        <Operation>1</Operation>
                    </Platform>
                    <Platform Name="OSX64">
                        <RemoteDir>Contents</RemoteDir>
                        <Operation>1</Operation>
                    </Platform>
                    <Platform Name="OSXARM64">
                        <RemoteDir>Contents</RemoteDir>
                        <Operation>1</Operation>
                    </Platform>
                </DeployClass>
                <DeployClass Name="ProjectOSXResource">
                    <Platform Name="OSX32">
                        <RemoteDir>Contents\Resources</RemoteDir>
                        <Operation>1</Operation>
                    </Platform>
                    <Platform Name="OSX64">
                        <RemoteDir>Contents\Resources</RemoteDir>
                        <Operation>1</Operation>
                    </Platform>
                    <Platform Name="OSXARM64">
                        <RemoteDir>Contents\Resources</RemoteDir>
                        <Operation>1</Operation>
                    </Platform>
                </DeployClass>
                <DeployClass Required="true" Name="ProjectOutput">
                    <Platform Name="Android">
                        <RemoteDir>library\lib\armeabi-v7a</RemoteDir>
                        <Operation>1</Operation>
                    </Platform>
                    <Platform Name="Android64">
                        <RemoteDir>library\lib\arm64-v8a</RemoteDir>
                        <Operation>1</Operation>
                    </Platform>
                    <Platform Name="iOSDevice32">
                        <Operation>1</Operation>
                    </Platform>
                    <Platform Name="iOSDevice64">
                        <Operation>1</Operation>
                    </Platform>
                    <Platform Name="iOSSimARM64">
                        <Operation>1</Operation>
                    </Platform>
                    <Platform Name="Linux64">
                        <Operation>1</Operation>
                    </Platform>
                    <Platform Name="OSX32">
                        <RemoteDir>Contents\MacOS</RemoteDir>
                        <Operation>1</Operation>
                    </Platform>
                    <Platform Name="OSX64">
                        <RemoteDir>Contents\MacOS</RemoteDir>
                        <Operation>1</Operation>
                    </Platform>
                    <Platform Name="OSXARM64">
                        <RemoteDir>Contents\MacOS</RemoteDir>
                        <Operation>1</Operation>
                    </Platform>
                    <Platform Name="Win32">
                        <Operation>0</Operation>
                    </Platform>
                </DeployClass>
                <DeployClass Name="ProjectOutput_Android32">
                    <Platform Name="Android64">
                        <RemoteDir>library\lib\armeabi-v7a</RemoteDir>
                        <Operation>1</Operation>
                    </Platform>
                </DeployClass>
                <DeployClass Name="ProjectUWPManifest">
                    <Platform Name="Win32">
                        <Operation>1</Operation>
                    </Platform>
                    <Platform Name="Win64">
                        <Operation>1</Operation>
                    </Platform>
                    <Platform Name="Win64x">
                        <Operation>1</Operation>
                    </Platform>
                </DeployClass>
                <DeployClass Name="ProjectiOSDeviceDebug">
                    <Platform Name="iOSDevice32">
                        <RemoteDir>..\$(PROJECTNAME).app.dSYM\Contents\Resources\DWARF</RemoteDir>
                        <Operation>1</Operation>
                    </Platform>
                    <Platform Name="iOSDevice64">
                        <RemoteDir>..\$(PROJECTNAME).app.dSYM\Contents\Resources\DWARF</RemoteDir>
                        <Operation>1</Operation>
                    </Platform>
                    <Platform Name="iOSSimARM64">
                        <RemoteDir>..\$(PROJECTNAME).app.dSYM\Contents\Resources\DWARF</RemoteDir>
                        <Operation>1</Operation>
                    </Platform>
                </DeployClass>
                <DeployClass Name="ProjectiOSEntitlements">
                    <Platform Name="iOSDevice32">
                        <RemoteDir>..\</RemoteDir>
                        <Operation>1</Operation>
                    </Platform>
                    <Platform Name="iOSDevice64">
                        <RemoteDir>..\</RemoteDir>
                        <Operation>1</Operation>
                    </Platform>
                    <Platform Name="iOSSimARM64">
                        <RemoteDir>..\</RemoteDir>
                        <Operation>1</Operation>
                    </Platform>
                </DeployClass>
                <DeployClass Name="ProjectiOSInfoPList">
                    <Platform Name="iOSDevice32">
                        <Operation>1</Operation>
                    </Platform>
                    <Platform Name="iOSDevice64">
                        <Operation>1</Operation>
                    </Platform>
                    <Platform Name="iOSSimARM64">
                        <Operation>1</Operation>
                    </Platform>
                </DeployClass>
                <DeployClass Name="ProjectiOSLaunchScreen">
                    <Platform Name="iOSDevice64">
                        <RemoteDir>..\$(PROJECTNAME).launchscreen</RemoteDir>
                        <Operation>64</Operation>
                    </Platform>
                    <Platform Name="iOSSimARM64">
                        <RemoteDir>..\$(PROJECTNAME).launchscreen</RemoteDir>
                        <Operation>64</Operation>
                    </Platform>
                </DeployClass>
                <DeployClass Name="ProjectiOSResource">
                    <Platform Name="iOSDevice32">
                        <Operation>1</Operation>
                    </Platform>
                    <Platform Name="iOSDevice64">
                        <Operation>1</Operation>
                    </Platform>
                    <Platform Name="iOSSimARM64">
                        <Operation>1</Operation>
                    </Platform>
                </DeployClass>
                <DeployClass Name="UWP_DelphiLogo150">
                    <Platform Name="Win32">
                        <RemoteDir>Assets</RemoteDir>
                        <Operation>1</Operation>
                    </Platform>
                    <Platform Name="Win64">
                        <RemoteDir>Assets</RemoteDir>
                        <Operation>1</Operation>
                    </Platform>
                </DeployClass>
                <DeployClass Name="UWP_DelphiLogo44">
                    <Platform Name="Win32">
                        <RemoteDir>Assets</RemoteDir>
                        <Operation>1</Operation>
                    </Platform>
                    <Platform Name="Win64">
                        <RemoteDir>Assets</RemoteDir>
                        <Operation>1</Operation>
                    </Platform>
                </DeployClass>
                <DeployClass Name="iOS_AppStore1024">
                    <Platform Name="iOSDevice64">
                        <RemoteDir>..\$(PROJECTNAME).launchscreen\Assets\AppIcon.appiconset</RemoteDir>
                        <Operation>1</Operation>
                    </Platform>
                    <Platform Name="iOSSimARM64">
                        <RemoteDir>..\$(PROJECTNAME).launchscreen\Assets\AppIcon.appiconset</RemoteDir>
                        <Operation>1</Operation>
                    </Platform>
                </DeployClass>
                <DeployClass Name="iPad_AppIcon152">
                    <Platform Name="iOSDevice64">
                        <RemoteDir>..\$(PROJECTNAME).launchscreen\Assets\AppIcon.appiconset</RemoteDir>
                        <Operation>1</Operation>
                    </Platform>
                    <Platform Name="iOSSimARM64">
                        <RemoteDir>..\$(PROJECTNAME).launchscreen\Assets\AppIcon.appiconset</RemoteDir>
                        <Operation>1</Operation>
                    </Platform>
                </DeployClass>
                <DeployClass Name="iPad_AppIcon167">
                    <Platform Name="iOSDevice64">
                        <RemoteDir>..\$(PROJECTNAME).launchscreen\Assets\AppIcon.appiconset</RemoteDir>
                        <Operation>1</Operation>
                    </Platform>
                    <Platform Name="iOSSimARM64">
                        <RemoteDir>..\$(PROJECTNAME).launchscreen\Assets\AppIcon.appiconset</RemoteDir>
                        <Operation>1</Operation>
                    </Platform>
                </DeployClass>
                <DeployClass Name="iPad_Launch2x">
                    <Platform Name="iOSDevice64">
                        <RemoteDir>..\$(PROJECTNAME).launchscreen\Assets\LaunchScreenImage.imageset</RemoteDir>
                        <Operation>1</Operation>
                    </Platform>
                    <Platform Name="iOSSimARM64">
                        <RemoteDir>..\$(PROJECTNAME).launchscreen\Assets\LaunchScreenImage.imageset</RemoteDir>
                        <Operation>1</Operation>
                    </Platform>
                </DeployClass>
                <DeployClass Name="iPad_LaunchDark2x">
                    <Platform Name="iOSDevice64">
                        <RemoteDir>..\$(PROJECTNAME).launchscreen\Assets\LaunchScreenImage.imageset</RemoteDir>
                        <Operation>1</Operation>
                    </Platform>
                    <Platform Name="iOSSimARM64">
                        <RemoteDir>..\$(PROJECTNAME).launchscreen\Assets\LaunchScreenImage.imageset</RemoteDir>
                        <Operation>1</Operation>
                    </Platform>
                </DeployClass>
                <DeployClass Name="iPad_Notification40">
                    <Platform Name="iOSDevice64">
                        <RemoteDir>..\$(PROJECTNAME).launchscreen\Assets\AppIcon.appiconset</RemoteDir>
                        <Operation>1</Operation>
                    </Platform>
                    <Platform Name="iOSSimARM64">
                        <RemoteDir>..\$(PROJECTNAME).launchscreen\Assets\AppIcon.appiconset</RemoteDir>
                        <Operation>1</Operation>
                    </Platform>
                </DeployClass>
                <DeployClass Name="iPad_Setting58">
                    <Platform Name="iOSDevice64">
                        <RemoteDir>..\$(PROJECTNAME).launchscreen\Assets\AppIcon.appiconset</RemoteDir>
                        <Operation>1</Operation>
                    </Platform>
                    <Platform Name="iOSSimARM64">
                        <RemoteDir>..\$(PROJECTNAME).launchscreen\Assets\AppIcon.appiconset</RemoteDir>
                        <Operation>1</Operation>
                    </Platform>
                </DeployClass>
                <DeployClass Name="iPad_SpotLight80">
                    <Platform Name="iOSDevice64">
                        <RemoteDir>..\$(PROJECTNAME).launchscreen\Assets\AppIcon.appiconset</RemoteDir>
                        <Operation>1</Operation>
                    </Platform>
                    <Platform Name="iOSSimARM64">
                        <RemoteDir>..\$(PROJECTNAME).launchscreen\Assets\AppIcon.appiconset</RemoteDir>
                        <Operation>1</Operation>
                    </Platform>
                </DeployClass>
                <DeployClass Name="iPhone_AppIcon120">
                    <Platform Name="iOSDevice64">
                        <RemoteDir>..\$(PROJECTNAME).launchscreen\Assets\AppIcon.appiconset</RemoteDir>
                        <Operation>1</Operation>
                    </Platform>
                    <Platform Name="iOSSimARM64">
                        <RemoteDir>..\$(PROJECTNAME).launchscreen\Assets\AppIcon.appiconset</RemoteDir>
                        <Operation>1</Operation>
                    </Platform>
                </DeployClass>
                <DeployClass Name="iPhone_AppIcon180">
                    <Platform Name="iOSDevice64">
                        <RemoteDir>..\$(PROJECTNAME).launchscreen\Assets\AppIcon.appiconset</RemoteDir>
                        <Operation>1</Operation>
                    </Platform>
                    <Platform Name="iOSSimARM64">
                        <RemoteDir>..\$(PROJECTNAME).launchscreen\Assets\AppIcon.appiconset</RemoteDir>
                        <Operation>1</Operation>
                    </Platform>
                </DeployClass>
                <DeployClass Name="iPhone_Launch2x">
                    <Platform Name="iOSDevice64">
                        <RemoteDir>..\$(PROJECTNAME).launchscreen\Assets\LaunchScreenImage.imageset</RemoteDir>
                        <Operation>1</Operation>
                    </Platform>
                    <Platform Name="iOSSimARM64">
                        <RemoteDir>..\$(PROJECTNAME).launchscreen\Assets\LaunchScreenImage.imageset</RemoteDir>
                        <Operation>1</Operation>
                    </Platform>
                </DeployClass>
                <DeployClass Name="iPhone_Launch3x">
                    <Platform Name="iOSDevice64">
                        <RemoteDir>..\$(PROJECTNAME).launchscreen\Assets\LaunchScreenImage.imageset</RemoteDir>
                        <Operation>1</Operation>
                    </Platform>
                    <Platform Name="iOSSimARM64">
                        <RemoteDir>..\$(PROJECTNAME).launchscreen\Assets\LaunchScreenImage.imageset</RemoteDir>
                        <Operation>1</Operation>
                    </Platform>
                </DeployClass>
                <DeployClass Name="iPhone_LaunchDark2x">
                    <Platform Name="iOSDevice64">
                        <RemoteDir>..\$(PROJECTNAME).launchscreen\Assets\LaunchScreenImage.imageset</RemoteDir>
                        <Operation>1</Operation>
                    </Platform>
                    <Platform Name="iOSSimARM64">
                        <RemoteDir>..\$(PROJECTNAME).launchscreen\Assets\LaunchScreenImage.imageset</RemoteDir>
                        <Operation>1</Operation>
                    </Platform>
                </DeployClass>
                <DeployClass Name="iPhone_LaunchDark3x">
                    <Platform Name="iOSDevice64">
                        <RemoteDir>..\$(PROJECTNAME).launchscreen\Assets\LaunchScreenImage.imageset</RemoteDir>
                        <Operation>1</Operation>
                    </Platform>
                    <Platform Name="iOSSimARM64">
                        <RemoteDir>..\$(PROJECTNAME).launchscreen\Assets\LaunchScreenImage.imageset</RemoteDir>
                        <Operation>1</Operation>
                    </Platform>
                </DeployClass>
                <DeployClass Name="iPhone_Notification40">
                    <Platform Name="iOSDevice64">
                        <RemoteDir>..\$(PROJECTNAME).launchscreen\Assets\AppIcon.appiconset</RemoteDir>
                        <Operation>1</Operation>
                    </Platform>
                    <Platform Name="iOSSimARM64">
                        <RemoteDir>..\$(PROJECTNAME).launchscreen\Assets\AppIcon.appiconset</RemoteDir>
                        <Operation>1</Operation>
                    </Platform>
                </DeployClass>
                <DeployClass Name="iPhone_Notification60">
                    <Platform Name="iOSDevice64">
                        <RemoteDir>..\$(PROJECTNAME).launchscreen\Assets\AppIcon.appiconset</RemoteDir>
                        <Operation>1</Operation>
                    </Platform>
                    <Platform Name="iOSSimARM64">
                        <RemoteDir>..\$(PROJECTNAME).launchscreen\Assets\AppIcon.appiconset</RemoteDir>
                        <Operation>1</Operation>
                    </Platform>
                </DeployClass>
                <DeployClass Name="iPhone_Setting58">
                    <Platform Name="iOSDevice64">
                        <RemoteDir>..\$(PROJECTNAME).launchscreen\Assets\AppIcon.appiconset</RemoteDir>
                        <Operation>1</Operation>
                    </Platform>
                    <Platform Name="iOSSimARM64">
                        <RemoteDir>..\$(PROJECTNAME).launchscreen\Assets\AppIcon.appiconset</RemoteDir>
                        <Operation>1</Operation>
                    </Platform>
                </DeployClass>
                <DeployClass Name="iPhone_Setting87">
                    <Platform Name="iOSDevice64">
                        <RemoteDir>..\$(PROJECTNAME).launchscreen\Assets\AppIcon.appiconset</RemoteDir>
                        <Operation>1</Operation>
                    </Platform>
                    <Platform Name="iOSSimARM64">
                        <RemoteDir>..\$(PROJECTNAME).launchscreen\Assets\AppIcon.appiconset</RemoteDir>
                        <Operation>1</Operation>
                    </Platform>
                </DeployClass>
                <DeployClass Name="iPhone_Spotlight120">
                    <Platform Name="iOSDevice64">
                        <RemoteDir>..\$(PROJECTNAME).launchscreen\Assets\AppIcon.appiconset</RemoteDir>
                        <Operation>1</Operation>
                    </Platform>
                    <Platform Name="iOSSimARM64">
                        <RemoteDir>..\$(PROJECTNAME).launchscreen\Assets\AppIcon.appiconset</RemoteDir>
                        <Operation>1</Operation>
                    </Platform>
                </DeployClass>
                <DeployClass Name="iPhone_Spotlight80">
                    <Platform Name="iOSDevice64">
                        <RemoteDir>..\$(PROJECTNAME).launchscreen\Assets\AppIcon.appiconset</RemoteDir>
                        <Operation>1</Operation>
                    </Platform>
                    <Platform Name="iOSSimARM64">
                        <RemoteDir>..\$(PROJECTNAME).launchscreen\Assets\AppIcon.appiconset</RemoteDir>
                        <Operation>1</Operation>
                    </Platform>
                </DeployClass>
                <ProjectRoot Platform="Android" Name="$(PROJECTNAME)"/>
                <ProjectRoot Platform="Android64" Name="$(PROJECTNAME)"/>
                <ProjectRoot Platform="iOSDevice32" Name="$(PROJECTNAME).app"/>
                <ProjectRoot Platform="iOSDevice64" Name="$(PROJECTNAME).app"/>
                <ProjectRoot Platform="iOSSimARM64" Name="$(PROJECTNAME).app"/>
                <ProjectRoot Platform="iOSSimulator" Name="$(PROJECTNAME).app"/>
                <ProjectRoot Platform="Linux64" Name="$(PROJECTNAME)"/>
                <ProjectRoot Platform="OSX32" Name="$(PROJECTNAME).app"/>
                <ProjectRoot Platform="OSX64" Name="$(PROJECTNAME).app"/>
                <ProjectRoot Platform="OSXARM64" Name="$(PROJECTNAME).app"/>
                <ProjectRoot Platform="Win32" Name="$(PROJECTNAME)"/>
                <ProjectRoot Platform="Win64" Name="$(PROJECTNAME)"/>
                <ProjectRoot Platform="Win64x" Name="$(PROJECTNAME)"/>
            </Deployment>
            <Platforms>
                <Platform value="Win32">True</Platform>
                <Platform value="Win64">True</Platform>
            </Platforms>
        </BorlandProject>
        <ProjectFileVersion>12</ProjectFileVersion>
    </ProjectExtensions>
    <Import Project="$(BDS)\Bin\CodeGear.Delphi.Targets" Condition="Exists('$(BDS)\Bin\CodeGear.Delphi.Targets')"/>
    <Import Project="$(APPDATA)\Embarcadero\$(BDSAPPDATABASEDIR)\$(PRODUCTVERSION)\UserTools.proj" Condition="Exists('$(APPDATA)\Embarcadero\$(BDSAPPDATABASEDIR)\$(PRODUCTVERSION)\UserTools.proj')"/>
    <Import Project="$(MSBuildProjectName).deployproj" Condition="Exists('$(MSBuildProjectName).deployproj')"/>
</Project>
