<Project xmlns="http://schemas.microsoft.com/developer/msbuild/2003">
    <PropertyGroup>
        <ProjectGuid>{9B69432D-33A6-4F9D-AD89-9892F1179B34}</ProjectGuid>
        <ProjectVersion>20.3</ProjectVersion>
        <FrameworkType>None</FrameworkType>
        <Base>true</Base>
        <Config Condition="'$(Config)'==''">Debug</Config>
        <Platform Condition="'$(Platform)'==''">Win32</Platform>
        <ProjectName Condition="'$(ProjectName)'==''">BrokerTestProj</ProjectName>
        <TargetedPlatforms>1</TargetedPlatforms>
        <AppType>Console</AppType>
        <MainSource>BrokerTestProj.dpr</MainSource>
    </PropertyGroup>
    <PropertyGroup Condition="'$(Base)'!=''">
        <DCC_DcuOutput>.\$(Platform)\$(Config)</DCC_DcuOutput>
        <DCC_ExeOutput>.\$(Platform)\$(Config)</DCC_ExeOutput>
        <DCC_E>false</DCC_E>
        <DCC_N>false</DCC_N>
        <DCC_S>false</DCC_S>
        <DCC_F>false</DCC_F>
        <DCC_K>false</DCC_K>
        <SanitizedProjectName>BrokerTestProj</SanitizedProjectName>
    </PropertyGroup>
    <PropertyGroup Condition="'$(Config)'=='Debug'">
        <DCC_Define>DEBUG;$(DCC_Define)</DCC_Define>
        <DCC_DebugDCUs>true</DCC_DebugDCUs>
        <DCC_Optimize>false</DCC_Optimize>
        <DCC_GenerateStackFrames>true</DCC_GenerateStackFrames>
        <DCC_DebugInfoInExe>true</DCC_DebugInfoInExe>
        <DCC_IntegerOverflowCheck>true</DCC_IntegerOverflowCheck>
        <DCC_RangeChecking>true</DCC_RangeChecking>
    </PropertyGroup>
    <PropertyGroup Condition="'$(Config)'=='Release'">
        <DCC_Define>RELEASE;$(DCC_Define)</DCC_Define>
        <DCC_LocalDebugSymbols>false</DCC_LocalDebugSymbols>
        <DCC_SymbolReferenceInfo>0</DCC_SymbolReferenceInfo>
        <DCC_DebugInformation>0</DCC_DebugInformation>
    </PropertyGroup>
    <PropertyGroup Condition="'$(Platform)'=='Win32'">
        <DCC_Namespace>System;Xml;Data;Datasnap;Web;Soap;Winapi;System.Win;$(DCC_Namespace)</DCC_Namespace>
        <DCC_ConsoleTarget>true</DCC_ConsoleTarget>
        <VerInfo_Locale>1033</VerInfo_Locale>
    </PropertyGroup>
    <ItemGroup>
        <DelphiCompile Include="$(MainSource)">
            <MainSource>MainSource</MainSource>
        </DelphiCompile>
        <DCCReference Include="..\HttpClasses\HttpClientUnit.pas"/>
        <DCCReference Include="..\EntityClasses\Common\EntityUnit.pas"/>
    </ItemGroup>
    <ProjectExtensions>
        <Borland.Personality>Delphi.Personality</Borland.Personality>
        <Borland.ProjectType/>
        <BorlandProject>
            <Delphi.Personality>
                <Source>
                    <Source Name="MainSource">BrokerTestProj.dpr</Source>
                </Source>
            </Delphi.Personality>
        </BorlandProject>
    </ProjectExtensions>
</Project>
